{
  "name": "alice-in-business-ftp-server",
  "version": "1.0.0",
  "lockfileVersion": 1,
  "requires": true,
  "dependencies": {
    "@types/body-parser": {
      "version": "1.19.2",
      "resolved": "https://npm.yandex-team.ru/@types%2fbody-parser/-/body-parser-1.19.2.tgz?rbtorrent=8f3af1ffa7b004be0b63966c947753180088871d",
      "integrity": "sha512-ALYone6pm6QmwZoAgeyNksccT9Q4AWZQ6PvfwR37GT6r6FWUPguq6sUmNGSMV2Wr761oQoBxwGGa6DR5o1DC9g==",
      "requires": {
        "@types/connect": "*",
        "@types/node": "*"
      }
    },
    "@types/cls-hooked": {
      "version": "4.3.3",
      "resolved": "https://npm.yandex-team.ru/@types%2fcls-hooked/-/cls-hooked-4.3.3.tgz?rbtorrent=2ac5fb010c5e13278ba6381d77f0cbacf7f8baef",
      "integrity": "sha512-gNstDTb/ty5h6gJd6YpSPgsLX9LmRpaKJqGFp7MRlYxhwp4vXXKlJ9+bt1TZ9KbVNXE+Mbxy2AYXcpY21DDtJw==",
      "requires": {
        "@types/node": "*"
      }
    },
    "@types/connect": {
      "version": "3.4.35",
      "resolved": "https://npm.yandex-team.ru/@types%2fconnect/-/connect-3.4.35.tgz?rbtorrent=41f297a94a07f5dbdc2120fbb54271f8488a4910",
      "integrity": "sha512-cdeYyv4KWoEgpBISTxWvqYsVy444DOqehiF3fM3ne10AmJ62RSyNkUnxMJXHQWRQQX2eR94m5y1IZyDwBjV9FQ==",
      "requires": {
        "@types/node": "*"
      }
    },
    "@types/events": {
      "version": "3.0.0",
      "resolved": "https://npm.yandex-team.ru/@types%2fevents/-/events-3.0.0.tgz?rbtorrent=09cdd2ce83e2eea360de5495dd2218e4c73330e0",
      "integrity": "sha512-EaObqwIvayI5a8dCzhFrjKzVwKLxjoG9T6Ppd5CEo07LRKfQ8Yokw54r5+Wq7FaBQ+yXRvQAYPrHwya1/UFt9g=="
    },
    "@types/express": {
      "version": "4.17.13",
      "resolved": "https://npm.yandex-team.ru/@types%2fexpress/-/express-4.17.13.tgz?rbtorrent=b900f7f3abace706e6f9a59cdec51d7d85617792",
      "integrity": "sha512-6bSZTPaTIACxn48l50SR+axgrqm6qXFIxrdAKaG6PaJk3+zuUr35hBlgT7vOmJcum+OEaIBLtHV/qloEAFITeA==",
      "requires": {
        "@types/body-parser": "*",
        "@types/express-serve-static-core": "^4.17.18",
        "@types/qs": "*",
        "@types/serve-static": "*"
      }
    },
    "@types/express-serve-static-core": {
      "version": "4.17.29",
      "resolved": "https://npm.yandex-team.ru/@types%2fexpress-serve-static-core/-/express-serve-static-core-4.17.29.tgz?rbtorrent=4710ea87226dffbd277a33af14852ad7deee6be4",
      "integrity": "sha512-uMd++6dMKS32EOuw1Uli3e3BPgdLIXmezcfHv7N4c1s3gkhikBplORPpMq3fuWkxncZN1reb16d5n8yhQ80x7Q==",
      "requires": {
        "@types/node": "*",
        "@types/qs": "*",
        "@types/range-parser": "*"
      }
    },
    "@types/lodash": {
      "version": "4.14.106",
      "resolved": "https://npm.yandex-team.ru/@types%2flodash/-/lodash-4.14.106.tgz?rbtorrent=555caa8ba63672ec6ce6755ff0b7a7b158ece0f3",
      "integrity": "sha512-tOSvCVrvSqFZ4A/qrqqm6p37GZoawsZtoR0SJhlF7EonNZUgrn8FfT+RNQ11h+NUpMt6QVe36033f3qEKBwfWA=="
    },
    "@types/mime": {
      "version": "1.3.2",
      "resolved": "https://npm.yandex-team.ru/@types%2fmime/-/mime-1.3.2.tgz?rbtorrent=1a9be137ed24ac6d21096ae3b7ec5047accfd892",
      "integrity": "sha512-YATxVxgRqNH6nHEIsvg6k2Boc1JHI9ZbH5iWFFv/MTkchz3b1ieGDa5T0a9RznNdI0KhVbdbWSN+KWWrQZRxTw=="
    },
    "@types/node": {
      "version": "18.0.0",
      "resolved": "https://npm.yandex-team.ru/@types%2fnode/-/node-18.0.0.tgz?rbtorrent=750814c0b0a2b297f9ec11ef57986c566b00f136",
      "integrity": "sha512-cHlGmko4gWLVI27cGJntjs/Sj8th9aYwplmZFwmmgYQQvL5NUsgVJG7OddLvNfLqYS31KFN0s3qlaD9qCaxACA=="
    },
    "@types/qs": {
      "version": "6.9.7",
      "resolved": "https://npm.yandex-team.ru/@types%2fqs/-/qs-6.9.7.tgz?rbtorrent=f8012f8d49a7823498feaf664ad4309bd2c2a907",
      "integrity": "sha512-FGa1F62FT09qcrueBA6qYTrJPVDzah9a+493+o2PCXsesWHIn27G98TsSMs3WPNbZIEj4+VJf6saSFpvD+3Zsw=="
    },
    "@types/range-parser": {
      "version": "1.2.4",
      "resolved": "https://npm.yandex-team.ru/@types%2frange-parser/-/range-parser-1.2.4.tgz?rbtorrent=526f6d0f8a50cb97485c09721970620ffcfd6ecc",
      "integrity": "sha512-EEhsLsD6UsDM1yFhAvy0Cjr6VwmpMWqFBCb9w07wVugF7w9nfajxLuVmngTIpgS6svCnm6Vaw+MZhoDCKnOfsw=="
    },
    "@types/raven": {
      "version": "2.1.6",
      "resolved": "https://npm.yandex-team.ru/@types%2fraven/-/raven-2.1.6.tgz?rbtorrent=e506cdf7feee4e3679f93e48c2b46fbf5cd714e6",
      "integrity": "sha512-IrCT/xs7mZYk40KXwhWR3GOVdmvWIi3BDtqFNFc0+JE6aWRlSmKODrqTbXnWVdjWDzMUKA5wfMJ9sRMC7wzeNQ==",
      "requires": {
        "@types/events": "*",
        "@types/node": "*"
      }
    },
    "@types/serve-static": {
      "version": "1.13.10",
      "resolved": "https://npm.yandex-team.ru/@types%2fserve-static/-/serve-static-1.13.10.tgz?rbtorrent=9963f097da309eb8081c46f025e50238521c28ed",
      "integrity": "sha512-nCkHGI4w7ZgAdNkrEu0bv+4xNV/XDqW+DydknebMOQwkpDGx8G+HTlj7R7ABI8i8nKxVw0wtKPi1D+lPOkh4YQ==",
      "requires": {
        "@types/mime": "^1",
        "@types/node": "*"
      }
    },
    "@yandex-int/express-x-forwarded-for-fix": {
      "version": "2.0.1",
      "resolved": "https://npm.yandex-team.ru/@yandex-int%2fexpress-x-forwarded-for-fix/-/express-x-forwarded-for-fix-2.0.1.tgz?rbtorrent=f6d253a762b5efc9af232f1754e2a38665643489",
      "integrity": "sha512-qXB1WC/Bmc+ija0dAMPZDyJKdyhAnW/jz1C0oRZM8TmL7V9boI/qtdOdRzEtwqlbiThzFpEkL/HDOykzPyAqmA==",
      "requires": {
        "netmask": "~1.0.4"
      }
    },
    "accepts": {
      "version": "1.3.8",
      "resolved": "https://npm.yandex-team.ru/accepts/-/accepts-1.3.8.tgz?rbtorrent=9392f41e7a931c44517cb9c4bce29c0893bf0221",
      "integrity": "sha512-PYAthTa2m2VKxuvSD3DPC/Gy+U+sOA1LAuT8mkmRuvw+NACSaeXEQ+NHcVF7rONl6qcaxV3Uuemwawk+7+SJLw==",
      "requires": {
        "mime-types": "~2.1.34",
        "negotiator": "0.6.3"
      }
    },
    "ansi-regex": {
      "version": "5.0.1",
      "resolved": "https://npm.yandex-team.ru/ansi-regex/-/ansi-regex-5.0.1.tgz?rbtorrent=1b2c28e53f2df9567d964d2735662fad58107fae",
      "integrity": "sha512-quJQXlTSUGL2LH9SUXo8VwsY4soanhgo6LNSm84E1LBcE8s3O0wpdiRzyR9z/ZZJMlMWv37qOOb9pdJlMUEKFQ=="
    },
    "ansi-styles": {
      "version": "4.3.0",
      "resolved": "https://npm.yandex-team.ru/ansi-styles/-/ansi-styles-4.3.0.tgz?rbtorrent=71a8bd57f3f3a63a5b0ae879a761b238bb3dd3d7",
      "integrity": "sha512-zbB9rCJAT1rbjiVDb2hqKFHNYLxgtk8NURxZ3IZwD3F6NtxbXZQCnnSi1Lkx+IDohdPlFp222wVALIheZJQSEg==",
      "requires": {
        "color-convert": "^2.0.1"
      }
    },
    "array-flatten": {
      "version": "1.1.1",
      "resolved": "https://npm.yandex-team.ru/array-flatten/-/array-flatten-1.1.1.tgz?rbtorrent=eefceecfb896133878572a9e86dd3b5e5a8500f2",
      "integrity": "sha1-ml9pkFGx5wczKPKgCJaLZOopVdI="
    },
    "async-hook-jl": {
      "version": "1.7.6",
      "resolved": "https://npm.yandex-team.ru/async-hook-jl/-/async-hook-jl-1.7.6.tgz?rbtorrent=290273a25f4d8577cf57e4956f21f80964255418",
      "integrity": "sha512-gFaHkFfSxTjvoxDMYqDuGHlcRyUuamF8s+ZTtJdDzqjws4mCt7v0vuV79/E2Wr2/riMQgtG4/yUtXWs1gZ7JMg==",
      "requires": {
        "stack-chain": "^1.3.7"
      }
    },
    "balanced-match": {
      "version": "1.0.2",
      "resolved": "https://npm.yandex-team.ru/balanced-match/-/balanced-match-1.0.2.tgz?rbtorrent=b5770b454c205809e4f85bb2e3b838b3c634d90b",
      "integrity": "sha512-3oSeUO0TMV67hN1AmbXsK4yaqU7tjiHlbxRDZOpH0KW9+CeX4bRAaX0Anxt0tx2MrpRpWwQaPwIlISEJhYU5Pw==",
      "optional": true
    },
    "bluebird": {
      "version": "3.7.2",
      "resolved": "https://npm.yandex-team.ru/bluebird/-/bluebird-3.7.2.tgz?rbtorrent=728c5911028d4c3269a190af8ce73fa1921d8d68",
      "integrity": "sha512-XpNj6GDQzdfW+r2Wnn7xiSAd7TM3jzkxGXBGTtWKuSXv1xUV+azxAm8jdWZN06QTQk+2N2XB9jRDkvbmQmcRtg=="
    },
    "body-parser": {
      "version": "1.20.0",
      "resolved": "https://npm.yandex-team.ru/body-parser/-/body-parser-1.20.0.tgz?rbtorrent=746426be6f254c56663e68bb8cd1659c2aaf6827",
      "integrity": "sha512-DfJ+q6EPcGKZD1QWUjSpqp+Q7bDQTsQIF4zfUAtZ6qk+H/3/QRhg9CEp39ss+/T2vw0+HaidC0ecJj/DRLIaKg==",
      "requires": {
        "bytes": "3.1.2",
        "content-type": "~1.0.4",
        "debug": "2.6.9",
        "depd": "2.0.0",
        "destroy": "1.2.0",
        "http-errors": "2.0.0",
        "iconv-lite": "0.4.24",
        "on-finished": "2.4.1",
        "qs": "6.10.3",
        "raw-body": "2.5.1",
        "type-is": "~1.6.18",
        "unpipe": "1.0.0"
      }
    },
    "brace-expansion": {
      "version": "1.1.11",
      "resolved": "https://npm.yandex-team.ru/brace-expansion/-/brace-expansion-1.1.11.tgz?rbtorrent=a6f8ec4328e2858a0be33ed363e562a14b677c34",
      "integrity": "sha512-iCuPHDFgrHX7H2vEI/5xpz07zSHB00TpugqhmYtVmMO6518mCuRMoOYFldEBl0g187ufozdaHgWKcYFb61qGiA==",
      "optional": true,
      "requires": {
        "balanced-match": "^1.0.0",
        "concat-map": "0.0.1"
      }
    },
    "bunyan": {
      "version": "1.8.15",
      "resolved": "https://npm.yandex-team.ru/bunyan/-/bunyan-1.8.15.tgz?rbtorrent=0cd96266a4bfed10b7110c2194acb6fc01ca6e9b",
      "integrity": "sha512-0tECWShh6wUysgucJcBAoYegf3JJoZWibxdqhTm7OHPeT42qdjkZ29QCMcKwbgU1kiH+auSIasNRXMLWXafXig==",
      "requires": {
        "dtrace-provider": "~0.8",
        "moment": "^2.19.3",
        "mv": "~2",
        "safe-json-stringify": "~1"
      }
    },
    "bytes": {
      "version": "3.1.2",
      "resolved": "https://npm.yandex-team.ru/bytes/-/bytes-3.1.2.tgz?rbtorrent=ddea92658fe4ad0060298ba85e14cea6f4fa4a1b",
      "integrity": "sha512-/Nf7TyzTx6S3yRJObOAV7956r8cr2+Oj8AC5dt8wSP3BQAoeX58NoHyCU8P8zGkNXStjTSi6fzO6F0pBdcYbEg=="
    },
    "call-bind": {
      "version": "1.0.2",
      "resolved": "https://npm.yandex-team.ru/call-bind/-/call-bind-1.0.2.tgz?rbtorrent=bf4cea46709b648e685ef85dce0de57799706b71",
      "integrity": "sha512-7O+FbCihrB5WGbFYesctwmTKae6rOiIzmz1icreWJ+0aA7LJfuqhEso2T9ncpcFtzMQtzXf2QGGueWJGTYsqrA==",
      "requires": {
        "function-bind": "^1.1.1",
        "get-intrinsic": "^1.0.2"
      }
    },
    "camelcase": {
      "version": "5.3.1",
      "resolved": "https://npm.yandex-team.ru/camelcase/-/camelcase-5.3.1.tgz?rbtorrent=a4983fe60136b484bd7ad7a59d0fe3845b566d95",
      "integrity": "sha512-L28STB170nwWS63UjtlEOE3dldQApaJXZkOI1uMFfzf3rRuPegHaHesyee+YxQ+W6SvRDQV6UrdOdRiR153wJg=="
    },
    "cliui": {
      "version": "6.0.0",
      "resolved": "https://npm.yandex-team.ru/cliui/-/cliui-6.0.0.tgz?rbtorrent=72a453bcd017c87bff4a009d8b45997b487e71e0",
      "integrity": "sha512-t6wbgtoCXvAzst7QgXxJYqPt0usEfbgQdftEPbLL/cvv6HPE5VgvqCuAIDR0NgU52ds6rFwqrgakNLrHEjCbrQ==",
      "requires": {
        "string-width": "^4.2.0",
        "strip-ansi": "^6.0.0",
        "wrap-ansi": "^6.2.0"
      }
    },
    "cls-hooked": {
      "version": "4.2.2",
      "resolved": "https://npm.yandex-team.ru/cls-hooked/-/cls-hooked-4.2.2.tgz?rbtorrent=d4c0aacfda49aeafcc41e7ce64c098c3c45601c5",
      "integrity": "sha512-J4Xj5f5wq/4jAvcdgoGsL3G103BtWpZrMo8NEinRltN+xpTZdI+M38pyQqhuFU/P792xkMFvnKSf+Lm81U1bxw==",
      "requires": {
        "async-hook-jl": "^1.7.6",
        "emitter-listener": "^1.0.1",
        "semver": "^5.4.1"
      }
    },
    "color-convert": {
      "version": "2.0.1",
      "resolved": "https://npm.yandex-team.ru/color-convert/-/color-convert-2.0.1.tgz?rbtorrent=769fb795063f259bce31a9f20fc15b0d42646b2e",
      "integrity": "sha512-RRECPsj7iu/xb5oKYcsFHSppFNnsj/52OVTRKb4zP5onXwVF3zVmmToNcOfGC+CRDpfK/U584fMg38ZHCaElKQ==",
      "requires": {
        "color-name": "~1.1.4"
      }
    },
    "color-name": {
      "version": "1.1.4",
      "resolved": "https://npm.yandex-team.ru/color-name/-/color-name-1.1.4.tgz?rbtorrent=bfe35c629295f687cdeea3875ee112eb55eb6b93",
      "integrity": "sha512-dOy+3AuW3a2wNbZHIuMZpTcgjGuLU/uBL/ubcZF9OXbDo8ff4O8yVp5Bf0efS8uEoYo5q4Fx7dY9OgQGXgAsQA=="
    },
    "concat-map": {
      "version": "0.0.1",
      "resolved": "https://npm.yandex-team.ru/concat-map/-/concat-map-0.0.1.tgz?rbtorrent=d68e847684dabaf80403d1a017a6f3fe9f55e5f6",
      "integrity": "sha1-2Klr13/Wjfd5OnMDajug1UBdR3s=",
      "optional": true
    },
    "content-disposition": {
      "version": "0.5.4",
      "resolved": "https://npm.yandex-team.ru/content-disposition/-/content-disposition-0.5.4.tgz?rbtorrent=315591899d08a4618297be6d996e7fdb8392e138",
      "integrity": "sha512-FveZTNuGw04cxlAiWbzi6zTAL/lhehaWbTtgluJh4/E95DqMwTmha3KZN1aAWA8cFIhHzMZUvLevkw5Rqk+tSQ==",
      "requires": {
        "safe-buffer": "5.2.1"
      }
    },
    "content-type": {
      "version": "1.0.4",
      "resolved": "https://npm.yandex-team.ru/content-type/-/content-type-1.0.4.tgz?rbtorrent=3fa2055972cff7271199121f53be396da4f020eb",
      "integrity": "sha512-hIP3EEPs8tB9AT1L+NUqtwOAps4mk2Zob89MWXMHjHWg9milF/j4osnnQLXBCBFBk/tvIG/tUc9mOUJiPBhPXA=="
    },
    "cookie": {
      "version": "0.5.0",
      "resolved": "https://npm.yandex-team.ru/cookie/-/cookie-0.5.0.tgz?rbtorrent=9ea7f36cc236f7fc6ada36df16835e3e44933e41",
      "integrity": "sha512-YZ3GUyn/o8gfKJlnlX7g7xq4gyO6OSuhGPKaaGssGB2qgDUS0gPgtTvoyZLTt9Ab6dC4hfc9dV5arkvc/OCmrw=="
    },
    "cookie-signature": {
      "version": "1.0.6",
      "resolved": "https://npm.yandex-team.ru/cookie-signature/-/cookie-signature-1.0.6.tgz?rbtorrent=55c823568c26e12f27877518a27e19fec8779a71",
      "integrity": "sha1-4wOogrNCzD7oylE6eZmXNNqzriw="
    },
    "debug": {
      "version": "2.6.9",
      "resolved": "https://npm.yandex-team.ru/debug/-/debug-2.6.9.tgz?rbtorrent=b02284ec84efd1aee23ff49704863922a0155cb1",
      "integrity": "sha512-bC7ElrdJaJnPbAP+1EotYvqZsb3ecl5wi6Bfi6BJTUcNowp6cvspg0jXznRTKDjm/E7AdgFBVeAPVMNcKGsHMA==",
      "requires": {
        "ms": "2.0.0"
      }
    },
    "decamelize": {
      "version": "1.2.0",
      "resolved": "https://npm.yandex-team.ru/decamelize/-/decamelize-1.2.0.tgz?rbtorrent=4414890a616b790f201e513f668b525afe121d18",
      "integrity": "sha1-9lNNFRSCabIDUue+4m9QH5oZEpA="
    },
    "depd": {
      "version": "2.0.0",
      "resolved": "https://npm.yandex-team.ru/depd/-/depd-2.0.0.tgz?rbtorrent=3d4658af3ff6b387cafddbf392c741a82c7f76e0",
      "integrity": "sha512-g7nH6P6dyDioJogAAGprGpCtVImJhpPk/roCzdb3fIh61/s/nPsfR6onyMwkCAR/OlC3yBC0lESvUoQEAssIrw=="
    },
    "destroy": {
      "version": "1.2.0",
      "resolved": "https://npm.yandex-team.ru/destroy/-/destroy-1.2.0.tgz?rbtorrent=5e2313f4c22911936287ddc65b3b345afc51f3e0",
      "integrity": "sha512-2sJGJTaXIIaR1w4iJSNoN0hnMY7Gpc/n8D4qSCJw8QqFWXf7cuAgnEHxBpweaVcPevC2l3KpjYCx3NypQQgaJg=="
    },
    "dtrace-provider": {
      "version": "0.8.8",
      "resolved": "https://npm.yandex-team.ru/dtrace-provider/-/dtrace-provider-0.8.8.tgz?rbtorrent=95faba2625e450730825c6545a44c4ee9e077bd5",
      "integrity": "sha512-b7Z7cNtHPhH9EJhNNbbeqTcXB8LGFFZhq1PGgEvpeHlzd36bhbdTWoE/Ba/YguqpBSlAPKnARWhVlhunCMwfxg==",
      "optional": true,
      "requires": {
        "nan": "^2.14.0"
      }
    },
    "dumpster": {
      "version": "0.1.1",
      "resolved": "https://npm.yandex-team.ru/dumpster/-/dumpster-0.1.1.tgz?rbtorrent=af010b1f40c9ca22975ff3b74b32422474bbb549",
      "integrity": "sha1-NJ53SA4+E8qpo7uDprPLEPJnNZY="
    },
    "ee-first": {
      "version": "1.1.1",
      "resolved": "https://npm.yandex-team.ru/ee-first/-/ee-first-1.1.1.tgz?rbtorrent=b33e875b5c9b99376469b3d4fc2448b418091933",
      "integrity": "sha1-WQxhFWsK4vTwJVcyoViyZrxWsh0="
    },
    "emitter-listener": {
      "version": "1.1.2",
      "resolved": "https://npm.yandex-team.ru/emitter-listener/-/emitter-listener-1.1.2.tgz?rbtorrent=0b74c5dd0b4586f190b73e6963c3b9bc26b7d0cd",
      "integrity": "sha512-Bt1sBAGFHY9DKY+4/2cV6izcKJUf5T7/gkdmkxzX/qv9CcGH8xSwVRW5mtX03SWJtRTWSOpzCuWN9rBFYZepZQ==",
      "requires": {
        "shimmer": "^1.2.0"
      }
    },
    "emoji-regex": {
      "version": "8.0.0",
      "resolved": "https://npm.yandex-team.ru/emoji-regex/-/emoji-regex-8.0.0.tgz?rbtorrent=9c63733fe9e4b60ec6164b7b90f008f886358190",
      "integrity": "sha512-MSjYzcWNOA0ewAHpz0MxpYFvwg6yjy1NG3xteoqz644VCo/RPgnr1/GGt+ic3iJTzQ8Eu3TdM14SawnVUmGE6A=="
    },
    "encodeurl": {
      "version": "1.0.2",
      "resolved": "https://npm.yandex-team.ru/encodeurl/-/encodeurl-1.0.2.tgz?rbtorrent=2ee1d518c4b14b1d485befc7a1100de1702f4015",
      "integrity": "sha1-rT/0yG7C0CkyL1oCw6mmBslbP1k="
    },
    "escape-html": {
      "version": "1.0.3",
      "resolved": "https://npm.yandex-team.ru/escape-html/-/escape-html-1.0.3.tgz?rbtorrent=3eff6d8634dc1ec132c806f38441e2118d1a2964",
      "integrity": "sha1-Aljq5NPQwJdN4cFpGI7wBR0dGYg="
    },
    "etag": {
      "version": "1.8.1",
      "resolved": "https://npm.yandex-team.ru/etag/-/etag-1.8.1.tgz?rbtorrent=2f3ff4ae5ba58604fad50c32ca223b29bd8561a6",
      "integrity": "sha1-Qa4u62XvpiJorr/qg6x9eSmbCIc="
    },
    "express": {
      "version": "4.18.1",
      "resolved": "https://npm.yandex-team.ru/express/-/express-4.18.1.tgz?rbtorrent=1624112bf6740e8f72e24ba0fffba89e4ac51ae6",
      "integrity": "sha512-zZBcOX9TfehHQhtupq57OF8lFZ3UZi08Y97dwFCkD8p9d/d2Y3M+ykKcwaMDEL+4qyUolgBDX6AblpR3fL212Q==",
      "requires": {
        "accepts": "~1.3.8",
        "array-flatten": "1.1.1",
        "body-parser": "1.20.0",
        "content-disposition": "0.5.4",
        "content-type": "~1.0.4",
        "cookie": "0.5.0",
        "cookie-signature": "1.0.6",
        "debug": "2.6.9",
        "depd": "2.0.0",
        "encodeurl": "~1.0.2",
        "escape-html": "~1.0.3",
        "etag": "~1.8.1",
        "finalhandler": "1.2.0",
        "fresh": "0.5.2",
        "http-errors": "2.0.0",
        "merge-descriptors": "1.0.1",
        "methods": "~1.1.2",
        "on-finished": "2.4.1",
        "parseurl": "~1.3.3",
        "path-to-regexp": "0.1.7",
        "proxy-addr": "~2.0.7",
        "qs": "6.10.3",
        "range-parser": "~1.2.1",
        "safe-buffer": "5.2.1",
        "send": "0.18.0",
        "serve-static": "1.15.0",
        "setprototypeof": "1.2.0",
        "statuses": "2.0.1",
        "type-is": "~1.6.18",
        "utils-merge": "1.0.1",
        "vary": "~1.1.2"
      }
    },
    "express-http-context": {
      "version": "1.2.4",
      "resolved": "https://npm.yandex-team.ru/express-http-context/-/express-http-context-1.2.4.tgz?rbtorrent=8b835d444276fcb5a16b49ad7e6ac9ee79d34db1",
      "integrity": "sha512-jPpBbF1MWWdRcUU1rxsX0CPnA8ueEj8xgWvpRGHoXWGI4l5KqhPY4Bq+Gt6s2IhqHQQ0g0wIvJ3jFfbUuJJycQ==",
      "requires": {
        "@types/cls-hooked": "^4.2.1",
        "@types/express": "^4.16.0",
        "cls-hooked": "^4.2.2"
      }
    },
    "finalhandler": {
      "version": "1.2.0",
      "resolved": "https://npm.yandex-team.ru/finalhandler/-/finalhandler-1.2.0.tgz?rbtorrent=6303940efe6958183ef21a122ae3d1c5625e9aea",
      "integrity": "sha512-5uXcUVftlQMFnWC9qu/svkWv3GTd2PfUhK/3PLkYNAe7FbqJMt3515HaxE6eRL74GdsriiwujiawdaB1BpEISg==",
      "requires": {
        "debug": "2.6.9",
        "encodeurl": "~1.0.2",
        "escape-html": "~1.0.3",
        "on-finished": "2.4.1",
        "parseurl": "~1.3.3",
        "statuses": "2.0.1",
        "unpipe": "~1.0.0"
      }
    },
    "find-up": {
      "version": "4.1.0",
      "resolved": "https://npm.yandex-team.ru/find-up/-/find-up-4.1.0.tgz?rbtorrent=aff561934b413719c6e2d2d91f0c15e9ec721f23",
      "integrity": "sha512-PpOwAdQ/YlXQ2vj8a3h8IipDuYRi3wceVQQGYWxNINccq40Anw7BlsEXCMbt1Zt+OLA6Fq9suIpIWD0OsnISlw==",
      "requires": {
        "locate-path": "^5.0.0",
        "path-exists": "^4.0.0"
      }
    },
    "forwarded": {
      "version": "0.2.0",
      "resolved": "https://npm.yandex-team.ru/forwarded/-/forwarded-0.2.0.tgz?rbtorrent=aa99adefc655551b3a910c3330f84e0ba95ab389",
      "integrity": "sha512-buRG0fpBtRHSTCOASe6hD258tEubFoRLb4ZNA6NxMVHNw2gOcwHo9wyablzMzOA5z9xA9L1KNjk/Nt6MT9aYow=="
    },
    "fresh": {
      "version": "0.5.2",
      "resolved": "https://npm.yandex-team.ru/fresh/-/fresh-0.5.2.tgz?rbtorrent=77477f1b23ed690a472992b3218a06a2c06907f6",
      "integrity": "sha1-PYyt2Q2XZWn6g1qx+OSyOhBWBac="
    },
    "ftp-srv": {
      "version": "4.6.2",
      "resolved": "https://npm.yandex-team.ru/ftp-srv/-/ftp-srv-4.6.2.tgz?rbtorrent=a8bb56fce4afbd49e6726959026e8f2869492a2e",
      "integrity": "sha512-BaBE2PV5tfWNuBxGTMlswnbaUGbWJYX3POOv4Li5HOnqPS/+DLbCQBDM7WMc4Ll6BVPO8t27ziXOLGfPJeJYpg==",
      "requires": {
        "bluebird": "^3.5.1",
        "bunyan": "^1.8.12",
        "ip": "^1.1.5",
        "lodash": "^4.17.15",
        "moment": "^2.22.1",
        "uuid": "^3.2.1",
        "yargs": "^15.4.1"
      }
    },
    "function-bind": {
      "version": "1.1.1",
      "resolved": "https://npm.yandex-team.ru/function-bind/-/function-bind-1.1.1.tgz?rbtorrent=d51f2cedcc9135cfa47aebbdfa468ef8e567f9c1",
      "integrity": "sha512-yIovAzMX49sF8Yl58fSCWJ5svSLuaibPxXQJFLmBObTuCr0Mf1KiPopGM9NiFjiYBCbfaa2Fh6breQ6ANVTI0A=="
    },
    "get-caller-file": {
      "version": "2.0.5",
      "resolved": "https://npm.yandex-team.ru/get-caller-file/-/get-caller-file-2.0.5.tgz?rbtorrent=7388a9547e901af57589cc4a5a879a2c1c79ca6b",
      "integrity": "sha512-DyFP3BM/3YHTQOCUL/w0OZHR0lpKeGrxotcHWcqNEdnltqFwXVfhEBQ94eIo34AfQpo0rGki4cyIiftY06h2Fg=="
    },
    "get-intrinsic": {
      "version": "1.1.2",
      "resolved": "https://npm.yandex-team.ru/get-intrinsic/-/get-intrinsic-1.1.2.tgz?rbtorrent=41cd2f6af5be532616a0c71a228c6a1c62be90b3",
      "integrity": "sha512-Jfm3OyCxHh9DJyc28qGk+JmfkpO41A4XkneDSujN9MDXrm4oDKdHvndhZ2dN94+ERNfkYJWDclW6k2L/ZGHjXA==",
      "requires": {
        "function-bind": "^1.1.1",
        "has": "^1.0.3",
        "has-symbols": "^1.0.3"
      }
    },
    "glob": {
      "version": "6.0.4",
      "resolved": "https://npm.yandex-team.ru/glob/-/glob-6.0.4.tgz?rbtorrent=5c56217bdf8ba05e5f476abda071fd55e9a07f58",
      "integrity": "sha1-DwiGD2oVUSey+t1PnOJLGqtuTSI=",
      "optional": true,
      "requires": {
        "inflight": "^1.0.4",
        "inherits": "2",
        "minimatch": "2 || 3",
        "once": "^1.3.0",
        "path-is-absolute": "^1.0.0"
      }
    },
    "has": {
      "version": "1.0.3",
      "resolved": "https://npm.yandex-team.ru/has/-/has-1.0.3.tgz?rbtorrent=07557f1735ac1eb7a38a879047ad0dddf0187bdb",
      "integrity": "sha512-f2dvO0VU6Oej7RkWJGrehjbzMAjFp5/VKPp5tTpWIV4JHHZK1/BxbFRtf/siA2SWTe09caDmVtYYzWEIbBS4zw==",
      "requires": {
        "function-bind": "^1.1.1"
      }
    },
    "has-symbols": {
      "version": "1.0.3",
      "resolved": "https://npm.yandex-team.ru/has-symbols/-/has-symbols-1.0.3.tgz?rbtorrent=14a1a3262fe08d2bd4de531380bca7d8c83866fd",
      "integrity": "sha512-l3LCuF6MgDNwTDKkdYGEihYjt5pRPbEg46rtlmnSPlUbgmB8LOIrKJbYYFBSbnPaJexMKtiPO8hmeRjRz2Td+A=="
    },
    "http-errors": {
      "version": "2.0.0",
      "resolved": "https://npm.yandex-team.ru/http-errors/-/http-errors-2.0.0.tgz?rbtorrent=1853a70f7cc99a2e4d1ee38b7b666ca87007c339",
      "integrity": "sha512-FtwrG/euBzaEjYeRqOgly7G0qviiXoJWnvEH2Z1plBdXgbyjv34pHTSb9zoeHMyDy33+DWy5Wt9Wo+TURtOYSQ==",
      "requires": {
        "depd": "2.0.0",
        "inherits": "2.0.4",
        "setprototypeof": "1.2.0",
        "statuses": "2.0.1",
        "toidentifier": "1.0.1"
      }
    },
    "iconv-lite": {
      "version": "0.4.24",
      "resolved": "https://npm.yandex-team.ru/iconv-lite/-/iconv-lite-0.4.24.tgz?rbtorrent=2ec00ef967690f177de91a2f3365b5c843bf8f3e",
      "integrity": "sha512-v3MXnZAcvnywkTUEZomIActle7RXXeedOR31wwl7VlyoXO4Qi9arvSenNQWne1TcRwhCL1HwLI21bEqdpj8/rA==",
      "requires": {
        "safer-buffer": ">= 2.1.2 < 3"
      }
    },
    "inflight": {
      "version": "1.0.6",
      "resolved": "https://npm.yandex-team.ru/inflight/-/inflight-1.0.6.tgz?rbtorrent=5fc387705f71d49a3d36c9e8cf63c62f5efe7396",
      "integrity": "sha1-Sb1jMdfQLQwJvJEKEHW6gWW1bfk=",
      "optional": true,
      "requires": {
        "once": "^1.3.0",
        "wrappy": "1"
      }
    },
    "inherits": {
      "version": "2.0.4",
      "resolved": "https://npm.yandex-team.ru/inherits/-/inherits-2.0.4.tgz?rbtorrent=6d3c5e553faab1c5a0e5657d5f75d80d275fddbe",
      "integrity": "sha512-k/vGaX4/Yla3WzyMCvTQOXYeIHvqOKtnqBduzTHpzpQZzAskKMhZ2K+EnBiSM9zGSoIFeMpXKxa4dYeZIQqewQ=="
    },
    "ip": {
      "version": "1.1.8",
      "resolved": "https://npm.yandex-team.ru/ip/-/ip-1.1.8.tgz?rbtorrent=492aad5259fadcd29221c575aed1135b8a133d9b",
      "integrity": "sha512-PuExPYUiu6qMBQb4l06ecm6T6ujzhmh+MeJcW9wa89PoAz5pvd4zPgN5WJV104mb6S2T1AwNIAaB70JNrLQWhg=="
    },
    "ipaddr.js": {
      "version": "1.9.1",
      "resolved": "https://npm.yandex-team.ru/ipaddr.js/-/ipaddr.js-1.9.1.tgz?rbtorrent=d8bc541cf956f870b225ecf9f62f233f6431d4e4",
      "integrity": "sha512-0KI/607xoxSToH7GjN1FfSbLoU0+btTicjsQSWQlh/hZykN8KpmMf7uYwPW3R+akZ6R/w18ZlXSHBYXiYUPO3g=="
    },
    "is-fullwidth-code-point": {
      "version": "3.0.0",
      "resolved": "https://npm.yandex-team.ru/is-fullwidth-code-point/-/is-fullwidth-code-point-3.0.0.tgz?rbtorrent=9f8a9fc1a318c9b9a907ba74176b8d156ee129cf",
      "integrity": "sha512-zymm5+u+sCsSWyD9qNaejV3DFvhCKclKdizYaJUuHA83RLjb7nSuGnddCHGv0hk+KY7BMAlsWeK4Ueg6EV6XQg=="
    },
    "kroniko": {
      "version": "1.1.6",
      "resolved": "https://npm.yandex-team.ru/kroniko/-/kroniko-1.1.6.tgz?rbtorrent=c07d9a7a89a228913414058978aefd2cb06d884b",
      "integrity": "sha512-xzwtmRhpEtZd+mXXXYNm8ntLmsev7BZ/QswrnaeEL94k5XiGXuRe2zHhDFCQZddZHOvBrDwRegMWne6t+CMvgw==",
      "requires": {
        "@types/express": "4.11.1",
        "@types/lodash": "4.14.106",
        "@types/raven": "2.1.6",
        "dumpster": "0.1.1",
        "lodash": "4.17.5",
        "raven": "2.2.1"
      },
      "dependencies": {
        "@types/express": {
          "version": "4.11.1",
          "resolved": "https://npm.yandex-team.ru/@types%2fexpress/-/express-4.11.1.tgz?rbtorrent=32b3499bfb229053ef45b539f67fee4c49008a1d",
          "integrity": "sha512-ttWle8cnPA5rAelauSWeWJimtY2RsUf2aspYZs7xPHiWgOlPn6nnUfBMtrkcnjFJuIHJF4gNOdVvpLK2Zmvh6g==",
          "requires": {
            "@types/body-parser": "*",
            "@types/express-serve-static-core": "*",
            "@types/serve-static": "*"
          }
        },
        "lodash": {
          "version": "4.17.5",
          "resolved": "https://npm.yandex-team.ru/lodash/-/lodash-4.17.5.tgz?rbtorrent=c4f8435a20a01acf2b8d5b82a65093f85ae1a605",
          "integrity": "sha512-svL3uiZf1RwhH+cWrfZn3A4+U58wbP0tGVTLQPbjplZxZ8ROD9VLuNgsRniTlLe7OlSqR79RUehXgpBW/s0IQw=="
        }
      }
    },
    "locate-path": {
      "version": "5.0.0",
      "resolved": "https://npm.yandex-team.ru/locate-path/-/locate-path-5.0.0.tgz?rbtorrent=a0f7f1a1c154b0e3a9360fb3ef879cfc618c0a36",
      "integrity": "sha512-t7hw9pI+WvuwNJXwk5zVHpyhIqzg2qTlklJOf0mVxGSbe3Fp2VieZcduNYjaLDoy6p9uGpQEGWG87WpMKlNq8g==",
      "requires": {
        "p-locate": "^4.1.0"
      }
    },
    "lodash": {
      "version": "4.17.21",
      "resolved": "https://npm.yandex-team.ru/lodash/-/lodash-4.17.21.tgz?rbtorrent=921df2c64b0e0e10268c2e02b54834c8601e493d",
      "integrity": "sha512-v2kDEe57lecTulaDIuNTPy3Ry4gLGJ6Z1O3vE1krgXZNrsQ+LFTGHVxVjcXPs17LhbZVGedAJv8XZ1tvj5FvSg=="
    },
    "lsmod": {
      "version": "1.0.0",
      "resolved": "https://npm.yandex-team.ru/lsmod/-/lsmod-1.0.0.tgz?rbtorrent=c57fb64ad38feee1d59fbc4ff163b85276071301",
      "integrity": "sha1-mgD3bco26yP6BTUK/htYXUKZ5ks="
    },
    "media-typer": {
      "version": "0.3.0",
      "resolved": "https://npm.yandex-team.ru/media-typer/-/media-typer-0.3.0.tgz?rbtorrent=9b7ee58e7e88a03f8f10c81220d0de520b216f82",
      "integrity": "sha1-hxDXrwqmJvj/+hzgAWhUUmMlV0g="
    },
    "merge-descriptors": {
      "version": "1.0.1",
      "resolved": "https://npm.yandex-team.ru/merge-descriptors/-/merge-descriptors-1.0.1.tgz?rbtorrent=f663b5e1b0d1627ac9e616f3c5b7dda56f9156a6",
      "integrity": "sha1-sAqqVW3YtEVoFQ7J0blT8/kMu2E="
    },
    "methods": {
      "version": "1.1.2",
      "resolved": "https://npm.yandex-team.ru/methods/-/methods-1.1.2.tgz?rbtorrent=d24a15e2ab3b2bb67bae70d2244d434c93695b3d",
      "integrity": "sha1-VSmk1nZUE07cxSZmVoNbD4Ua/O4="
    },
    "mime": {
      "version": "1.6.0",
      "resolved": "https://npm.yandex-team.ru/mime/-/mime-1.6.0.tgz?rbtorrent=2e4f9e69f07040a5800dfea8e3d043e637d69b02",
      "integrity": "sha512-x0Vn8spI+wuJ1O6S7gnbaQg8Pxh4NNHb7KSINmEWKiPE4RKOplvijn+NkmYmmRgP68mc70j2EbeTFRsrswaQeg=="
    },
    "mime-db": {
      "version": "1.52.0",
      "resolved": "https://npm.yandex-team.ru/mime-db/-/mime-db-1.52.0.tgz?rbtorrent=f0ba116ae2c9608848de6e13c43654e0d7f6480e",
      "integrity": "sha512-sPU4uV7dYlvtWJxwwxHD0PuihVNiE7TyAbQ5SWxDCB9mUYvOgroQOwYQQOKPJ8CIbE+1ETVlOoK1UC2nU3gYvg=="
    },
    "mime-types": {
      "version": "2.1.35",
      "resolved": "https://npm.yandex-team.ru/mime-types/-/mime-types-2.1.35.tgz?rbtorrent=ebb7fcd8ade244558e3f7816c257f2cc22da38ab",
      "integrity": "sha512-ZDY+bPm5zTTF+YpCrAU9nK0UgICYPT0QtT1NZWFv4s++TNkcgVaT0g6+4R2uI4MjQjzysHB1zxuWL50hzaeXiw==",
      "requires": {
        "mime-db": "1.52.0"
      }
    },
    "minimatch": {
      "version": "3.1.2",
      "resolved": "https://npm.yandex-team.ru/minimatch/-/minimatch-3.1.2.tgz?rbtorrent=ff75648d716a472d61b2fafcf5250b152d4b84b4",
      "integrity": "sha512-J7p63hRiAjw1NDEww1W7i37+ByIrOWO5XQQAzZ3VOcL0PNybwpfmV/N05zFAzwQ9USyEcX6t3UO+K5aqBQOIHw==",
      "optional": true,
      "requires": {
        "brace-expansion": "^1.1.7"
      }
    },
    "minimist": {
      "version": "1.2.6",
      "resolved": "https://npm.yandex-team.ru/minimist/-/minimist-1.2.6.tgz?rbtorrent=13410bcb21328d94faf7fe3ea8d29c3db7dc00cf",
      "integrity": "sha512-Jsjnk4bw3YJqYzbdyBiNsPWHPfO++UGG749Cxs6peCu5Xg4nrena6OVxOYxrQTqww0Jmwt+Ref8rggumkTLz9Q==",
      "optional": true
    },
    "mkdirp": {
      "version": "0.5.6",
      "resolved": "https://npm.yandex-team.ru/mkdirp/-/mkdirp-0.5.6.tgz?rbtorrent=79930ac902be912db6604b783c28aeb764ac5e92",
      "integrity": "sha512-FP+p8RB8OWpF3YZBCrP5gtADmtXApB5AMLn+vdyA+PyxCjrCs00mjyUozssO33cwDeT3wNGdLxJ5M//YqtHAJw==",
      "optional": true,
      "requires": {
        "minimist": "^1.2.6"
      }
    },
    "moment": {
      "version": "2.29.3",
      "resolved": "https://npm.yandex-team.ru/moment/-/moment-2.29.3.tgz?rbtorrent=75552776a53f542c440cd02ea938091c849aad3b",
      "integrity": "sha512-c6YRvhEo//6T2Jz/vVtYzqBzwvPT95JBQ+smCytzf7c50oMZRsR/a4w88aD34I+/QVSfnoAnSBFPJHItlOMJVw=="
    },
    "ms": {
      "version": "2.0.0",
      "resolved": "https://npm.yandex-team.ru/ms/-/ms-2.0.0.tgz?rbtorrent=b9c1399c483ed1bf4d9fff8735579b86c77001f8",
      "integrity": "sha1-VgiurfwAvmwpAd9fmGF4jeDVl8g="
    },
    "mv": {
      "version": "2.1.1",
      "resolved": "https://npm.yandex-team.ru/mv/-/mv-2.1.1.tgz?rbtorrent=7b13826955d5877c6bdb7527e417e1433db7b088",
      "integrity": "sha1-rmzg1vbV4KT32JN5jQPB6pVZtqI=",
      "optional": true,
      "requires": {
        "mkdirp": "~0.5.1",
        "ncp": "~2.0.0",
        "rimraf": "~2.4.0"
      }
    },
    "nan": {
      "version": "2.16.0",
      "resolved": "https://npm.yandex-team.ru/nan/-/nan-2.16.0.tgz?rbtorrent=4b2a7873421a99bf56892ad2e77173b0206c61ad",
      "integrity": "sha512-UdAqHyFngu7TfQKsCBgAA6pWDkT8MAO7d0jyOecVhN5354xbLqdn8mV9Tat9gepAupm0bt2DbeaSC8vS52MuFA==",
      "optional": true
    },
    "ncp": {
      "version": "2.0.0",
      "resolved": "https://npm.yandex-team.ru/ncp/-/ncp-2.0.0.tgz?rbtorrent=181d21616d9a3f4d41779c5d8cfc4af9d7296b8c",
      "integrity": "sha1-GVoh1sRuNh0vsSgbo4uR6d9727M=",
      "optional": true
    },
    "negotiator": {
      "version": "0.6.3",
      "resolved": "https://npm.yandex-team.ru/negotiator/-/negotiator-0.6.3.tgz?rbtorrent=ae67b4fa1586d4a4cac06daf71713d481bc6c45f",
      "integrity": "sha512-+EUsqGPLsM+j/zdChZjsnX51g4XrHFOIXwfnCVPGlQk/k5giakcKsuxCObBRu6DSm9opw/O6slWbJdghQM4bBg=="
    },
    "netmask": {
      "version": "1.0.6",
      "resolved": "https://npm.yandex-team.ru/netmask/-/netmask-1.0.6.tgz?rbtorrent=264a0b94d9a2bb5c4ed64bac637d550e377b4630",
      "integrity": "sha1-ICl+idhvb2QA8lDZ9Pa0wZRfzTU="
    },
    "object-inspect": {
      "version": "1.12.2",
      "resolved": "https://npm.yandex-team.ru/object-inspect/-/object-inspect-1.12.2.tgz?rbtorrent=08a086a47392957738fa223a35265532d41209f2",
      "integrity": "sha512-z+cPxW0QGUp0mcqcsgQyLVRDoXFQbXOwBaqyF7VIgI4TWNQsDHrBpUQslRmIfAoYWdYzs6UlKJtB2XJpTaNSpQ=="
    },
    "on-finished": {
      "version": "2.4.1",
      "resolved": "https://npm.yandex-team.ru/on-finished/-/on-finished-2.4.1.tgz?rbtorrent=1be00ab6be77c7d1e37b7ed6b27ad37b13f34a60",
      "integrity": "sha512-oVlzkg3ENAhCk2zdv7IJwd/QUD4z2RxRwpkcGY8psCVcCYZNq4wYnVWALHM+brtuJjePWiYF/ClmuDr8Ch5+kg==",
      "requires": {
        "ee-first": "1.1.1"
      }
    },
    "once": {
      "version": "1.4.0",
      "resolved": "https://npm.yandex-team.ru/once/-/once-1.4.0.tgz?rbtorrent=631c10ccf90e53addc6a29d4cca37226f2b67537",
      "integrity": "sha1-WDsap3WWHUsROsF9nFC6753Xa9E=",
      "optional": true,
      "requires": {
        "wrappy": "1"
      }
    },
    "p-limit": {
      "version": "2.3.0",
      "resolved": "https://npm.yandex-team.ru/p-limit/-/p-limit-2.3.0.tgz?rbtorrent=b8608a5f9e7f757a655a3107b2d03c5f4ad1953e",
      "integrity": "sha512-//88mFWSJx8lxCzwdAABTJL2MyWB12+eIY7MDL2SqLmAkeKU9qxRvWuSyTjm3FUmpBEMuFfckAIqEaVGUDxb6w==",
      "requires": {
        "p-try": "^2.0.0"
      }
    },
    "p-locate": {
      "version": "4.1.0",
      "resolved": "https://npm.yandex-team.ru/p-locate/-/p-locate-4.1.0.tgz?rbtorrent=3d0b4c1a59e164a804f61680128f696b06b4bfae",
      "integrity": "sha512-R79ZZ/0wAxKGu3oYMlz8jy/kbhsNrS7SKZ7PxEHBgJ5+F2mtFW2fK2cOtBh1cHYkQsbzFV7I+EoRKe6Yt0oK7A==",
      "requires": {
        "p-limit": "^2.2.0"
      }
    },
    "p-try": {
      "version": "2.2.0",
      "resolved": "https://npm.yandex-team.ru/p-try/-/p-try-2.2.0.tgz?rbtorrent=421dfe28d5b46aeee4fc95238cac425d6f5bd052",
      "integrity": "sha512-R4nPAVTAU0B9D35/Gk3uJf/7XYbQcyohSKdvAxIRSNghFl4e71hVoGnBNQz9cWaXxO2I10KTC+3jMdvvoKw6dQ=="
    },
    "parseurl": {
      "version": "1.3.3",
      "resolved": "https://npm.yandex-team.ru/parseurl/-/parseurl-1.3.3.tgz?rbtorrent=74e53669c6396757fbc109ac7301a45910bbde3b",
      "integrity": "sha512-CiyeOxFT/JZyN5m0z9PfXw4SCBJ6Sygz1Dpl0wqjlhDEGGBP1GnsUVEL0p63hoG1fcj3fHynXi9NYO4nWOL+qQ=="
    },
    "path-exists": {
      "version": "4.0.0",
      "resolved": "https://npm.yandex-team.ru/path-exists/-/path-exists-4.0.0.tgz?rbtorrent=a6ec4fb4984a31af76ae18f56738e0182af258ca",
      "integrity": "sha512-ak9Qy5Q7jYb2Wwcey5Fpvg2KoAc/ZIhLSLOSBmRmygPsGwkVVt0fZa0qrtMz+m6tJTAHfZQ8FnmB4MG4LWy7/w=="
    },
    "path-is-absolute": {
      "version": "1.0.1",
      "resolved": "https://npm.yandex-team.ru/path-is-absolute/-/path-is-absolute-1.0.1.tgz?rbtorrent=1a3152a41be6d5d7ee4d03430b58251761675a06",
      "integrity": "sha1-F0uSaHNVNP+8es5r9TpanhtcX18=",
      "optional": true
    },
    "path-to-regexp": {
      "version": "0.1.7",
      "resolved": "https://npm.yandex-team.ru/path-to-regexp/-/path-to-regexp-0.1.7.tgz?rbtorrent=6c268849b3cab559f2728004e075dee4b386472b",
      "integrity": "sha1-32BBeABfUi8V60SQ5yR6G/qmf4w="
    },
    "proxy-addr": {
      "version": "2.0.7",
      "resolved": "https://npm.yandex-team.ru/proxy-addr/-/proxy-addr-2.0.7.tgz?rbtorrent=6c64bc6ff1aff5df16de0f1fbfdb7018fd308903",
      "integrity": "sha512-llQsMLSUDUPT44jdrU/O37qlnifitDP+ZwrmmZcoSKyLKvtZxpyV0n2/bD/N4tBAAZ/gJEdZU7KMraoK1+XYAg==",
      "requires": {
        "forwarded": "0.2.0",
        "ipaddr.js": "1.9.1"
      }
    },
    "qs": {
      "version": "6.10.3",
      "resolved": "https://npm.yandex-team.ru/qs/-/qs-6.10.3.tgz?rbtorrent=5627e12c642ce4f35983aeeae9611c067146fbd7",
      "integrity": "sha512-wr7M2E0OFRfIfJZjKGieI8lBKb7fRCH4Fv5KNPEs7gJ8jadvotdsS08PzOKR7opXhZ/Xkjtt3WF9g38drmyRqQ==",
      "requires": {
        "side-channel": "^1.0.4"
      }
    },
    "range-parser": {
      "version": "1.2.1",
      "resolved": "https://npm.yandex-team.ru/range-parser/-/range-parser-1.2.1.tgz?rbtorrent=ff745a9bc988d28205171cc44081bb83f3efdbfc",
      "integrity": "sha512-Hrgsx+orqoygnmhFbKaHE6c296J+HTAQXoxEF6gNupROmmGJRoyzfG3ccAveqCBrwr/2yxQ5BVd/GTl5agOwSg=="
    },
    "raven": {
      "version": "2.2.1",
      "resolved": "https://npm.yandex-team.ru/raven/-/raven-2.2.1.tgz?rbtorrent=67351ca8775c76d68a8612a77fe0512ca31371e3",
      "integrity": "sha1-V8f75oqAFH7FJ97z18AVdc+Uj+M=",
      "requires": {
        "cookie": "0.3.1",
        "lsmod": "1.0.0",
        "stack-trace": "0.0.9",
        "timed-out": "4.0.1",
        "uuid": "3.0.0"
      },
      "dependencies": {
        "cookie": {
          "version": "0.3.1",
          "resolved": "https://npm.yandex-team.ru/cookie/-/cookie-0.3.1.tgz?rbtorrent=14257b4131d08bba91d9dbc9fc8bc236a7983af2",
          "integrity": "sha1-5+Ch+e9DtMi6klxcWpboBtFoc7s="
        },
        "uuid": {
          "version": "3.0.0",
          "resolved": "https://npm.yandex-team.ru/uuid/-/uuid-3.0.0.tgz?rbtorrent=0f91223536e4a5d4e9031557df46601d90879ccf",
          "integrity": "sha1-Zyj8BFnEUNeWqZwxg3VpvfZy1yg="
        }
      }
    },
    "raw-body": {
      "version": "2.5.1",
      "resolved": "https://npm.yandex-team.ru/raw-body/-/raw-body-2.5.1.tgz?rbtorrent=6d89ab211889314117058ea34dbeb5f640b2aee2",
      "integrity": "sha512-qqJBtEyVgS0ZmPGdCFPWJ3FreoqvG4MVQln/kCgF7Olq95IbOp0/BWyMwbdtn4VTvkM8Y7khCQ2Xgk/tcrCXig==",
      "requires": {
        "bytes": "3.1.2",
        "http-errors": "2.0.0",
        "iconv-lite": "0.4.24",
        "unpipe": "1.0.0"
      }
    },
    "require-directory": {
      "version": "2.1.1",
      "resolved": "https://npm.yandex-team.ru/require-directory/-/require-directory-2.1.1.tgz?rbtorrent=6f3a1c36c5c614529836495759b539128977fc9d",
      "integrity": "sha1-jGStX9MNqxyXbiNE/+f3kqam30I="
    },
    "require-main-filename": {
      "version": "2.0.0",
      "resolved": "https://npm.yandex-team.ru/require-main-filename/-/require-main-filename-2.0.0.tgz?rbtorrent=ca710ff38a2fdb2bb50f511e873cc31cdeb5b0bb",
      "integrity": "sha512-NKN5kMDylKuldxYLSUfrbo5Tuzh4hd+2E8NPPX02mZtn1VuREQToYe/ZdlJy+J3uCpfaiGF05e7B8W0iXbQHmg=="
    },
    "rimraf": {
      "version": "2.4.5",
      "resolved": "https://npm.yandex-team.ru/rimraf/-/rimraf-2.4.5.tgz?rbtorrent=511809f7bc2029a3f6ebbf18e7a14b608693c7ec",
      "integrity": "sha1-7nEM5dk6j9uFb7Xqj/Di11k0sto=",
      "optional": true,
      "requires": {
        "glob": "^6.0.1"
      }
    },
    "safe-buffer": {
      "version": "5.2.1",
      "resolved": "https://npm.yandex-team.ru/safe-buffer/-/safe-buffer-5.2.1.tgz?rbtorrent=e3149b0255bb4dc4e498c9b879904dfcfa607eba",
      "integrity": "sha512-rp3So07KcdmmKbGvgaNxQSJr7bGVSVk5S9Eq1F+ppbRo70+YeaDxkw5Dd8NPN+GD6bjnYm2VuPuCXmpuYvmCXQ=="
    },
    "safe-json-stringify": {
      "version": "1.2.0",
      "resolved": "https://npm.yandex-team.ru/safe-json-stringify/-/safe-json-stringify-1.2.0.tgz?rbtorrent=c3afdbbc10eecf196e52439d3328df2da8918ad6",
      "integrity": "sha512-gH8eh2nZudPQO6TytOvbxnuhYBOvDBBLW52tz5q6X58lJcd/tkmqFR+5Z9adS8aJtURSXWThWy/xJtJwixErvg==",
      "optional": true
    },
    "safer-buffer": {
      "version": "2.1.2",
      "resolved": "https://npm.yandex-team.ru/safer-buffer/-/safer-buffer-2.1.2.tgz?rbtorrent=8450e1c808c8ca9ac90ac8d77f2637cca2522d93",
      "integrity": "sha512-YZo3K82SD7Riyi0E1EQPojLz7kpepnSQI9IyPbHHg1XXXevb5dJI7tpyN2ADxGcQbHG7vcyRHk0cbwqcQriUtg=="
    },
    "semver": {
      "version": "5.7.1",
      "resolved": "https://npm.yandex-team.ru/semver/-/semver-5.7.1.tgz?rbtorrent=2a77d4d71544357b0c0e475028574e1297c21da7",
      "integrity": "sha512-sauaDf/PZdVgrLTNYHRtpXa1iRiKcaebiKQ1BJdpQlWH2lCvexQdX55snPFyK7QzpudqbCI0qXFfOasHdyNDGQ=="
    },
    "send": {
      "version": "0.18.0",
      "resolved": "https://npm.yandex-team.ru/send/-/send-0.18.0.tgz?rbtorrent=d6783b1314800d10542743aa7136c4725ce2271c",
      "integrity": "sha512-qqWzuOjSFOuqPjFe4NOsMLafToQQwBSOEpS+FwEt3A2V3vKubTquT3vmLTQpFgMXp8AlFWFuP1qKaJZOtPpVXg==",
      "requires": {
        "debug": "2.6.9",
        "depd": "2.0.0",
        "destroy": "1.2.0",
        "encodeurl": "~1.0.2",
        "escape-html": "~1.0.3",
        "etag": "~1.8.1",
        "fresh": "0.5.2",
        "http-errors": "2.0.0",
        "mime": "1.6.0",
        "ms": "2.1.3",
        "on-finished": "2.4.1",
        "range-parser": "~1.2.1",
        "statuses": "2.0.1"
      },
      "dependencies": {
        "ms": {
          "version": "2.1.3",
          "resolved": "https://npm.yandex-team.ru/ms/-/ms-2.1.3.tgz?rbtorrent=c0db1b8d3743f39d06054864041516e9b7ac9a4c",
          "integrity": "sha512-6FlzubTLZG3J2a/NVCAleEhjzq5oxgHyaCU9yYXvcLsvoVaHJq/s5xXI6/XXP6tz7R9xAOtHnSO/tXtF3WRTlA=="
        }
      }
    },
    "serve-static": {
      "version": "1.15.0",
      "resolved": "https://npm.yandex-team.ru/serve-static/-/serve-static-1.15.0.tgz?rbtorrent=0bbb6fadef404c6d8dc466ac3d7d9dc502d6169c",
      "integrity": "sha512-XGuRDNjXUijsUL0vl6nSD7cwURuzEgglbOaFuZM9g3kwDXOWVTck0jLzjPzGD+TazWbboZYu52/9/XPdUgne9g==",
      "requires": {
        "encodeurl": "~1.0.2",
        "escape-html": "~1.0.3",
        "parseurl": "~1.3.3",
        "send": "0.18.0"
      }
    },
    "set-blocking": {
      "version": "2.0.0",
      "resolved": "https://npm.yandex-team.ru/set-blocking/-/set-blocking-2.0.0.tgz?rbtorrent=bcbcf2bf15e0ed950c44448edb0a9852fddae5e8",
      "integrity": "sha1-BF+XgtARrppoA93TgrJDkrPYkPc="
    },
    "setprototypeof": {
      "version": "1.2.0",
      "resolved": "https://npm.yandex-team.ru/setprototypeof/-/setprototypeof-1.2.0.tgz?rbtorrent=639214bef3d5c2047ec9150a2c6982dc65fef215",
      "integrity": "sha512-E5LDX7Wrp85Kil5bhZv46j8jOeboKq5JMmYM3gVGdGH8xFpPWXUMsNrlODCrkoxMEeNi/XZIwuRvY4XNwYMJpw=="
    },
    "shimmer": {
      "version": "1.2.1",
      "resolved": "https://npm.yandex-team.ru/shimmer/-/shimmer-1.2.1.tgz?rbtorrent=7437d15cb2fd1a5887fc6181427cc244f38e393b",
      "integrity": "sha512-sQTKC1Re/rM6XyFM6fIAGHRPVGvyXfgzIDvzoq608vM+jeyVD0Tu1E6Np0Kc2zAIFWIj963V2800iF/9LPieQw=="
    },
    "side-channel": {
      "version": "1.0.4",
      "resolved": "https://npm.yandex-team.ru/side-channel/-/side-channel-1.0.4.tgz?rbtorrent=4f570c2c2f9648a39ea45ba03c58c9f92831d724",
      "integrity": "sha512-q5XPytqFEIKHkGdiMIrY10mvLRvnQh42/+GoBlFW3b2LXLE2xxJpZFdm94we0BaoV3RwJyGqg5wS7epxTv0Zvw==",
      "requires": {
        "call-bind": "^1.0.0",
        "get-intrinsic": "^1.0.2",
        "object-inspect": "^1.9.0"
      }
    },
    "stack-chain": {
      "version": "1.3.7",
      "resolved": "https://npm.yandex-team.ru/stack-chain/-/stack-chain-1.3.7.tgz?rbtorrent=73d624b7d0a162300c352b50431124a4c4ceb48f",
      "integrity": "sha1-0ZLJ/06moiyUxN1FkXHj8AzqEoU="
    },
    "stack-trace": {
      "version": "0.0.9",
      "resolved": "https://npm.yandex-team.ru/stack-trace/-/stack-trace-0.0.9.tgz?rbtorrent=98ecb9160ad6f9ec7d64803da897f489eb53e020",
      "integrity": "sha1-qPbq7KkGdMMz58Q5U/J1tFFRBpU="
    },
    "statuses": {
      "version": "2.0.1",
      "resolved": "https://npm.yandex-team.ru/statuses/-/statuses-2.0.1.tgz?rbtorrent=ece2fe4b2f6c9cb99b2c75dc3491ad47d6ed6fa2",
      "integrity": "sha512-RwNA9Z/7PrK06rYLIzFMlaF+l73iwpzsqRIFgbMLbTcLD6cOao82TaWefPXQvB2fOC4AjuYSEndS7N/mTCbkdQ=="
    },
    "string-width": {
      "version": "4.2.3",
      "resolved": "https://npm.yandex-team.ru/string-width/-/string-width-4.2.3.tgz?rbtorrent=f8412787e89a7bf0fb94ec78f0b1f13d94822a61",
      "integrity": "sha512-wKyQRQpjJ0sIp62ErSZdGsjMJWsap5oRNihHhu6G7JVO/9jIB6UyevL+tXuOqrng8j/cxKTWyWUwvSTriiZz/g==",
      "requires": {
        "emoji-regex": "^8.0.0",
        "is-fullwidth-code-point": "^3.0.0",
        "strip-ansi": "^6.0.1"
      }
    },
    "strip-ansi": {
      "version": "6.0.1",
      "resolved": "https://npm.yandex-team.ru/strip-ansi/-/strip-ansi-6.0.1.tgz?rbtorrent=e155382c29545da38fa473395e43b5f24dc0c529",
      "integrity": "sha512-Y38VPSHcqkFrCpFnQ9vuSXmquuv5oXOKpGeT6aGrr3o3Gc9AlVa6JBfUSOCnbxGGZF+/0ooI7KrPuUSztUdU5A==",
      "requires": {
        "ansi-regex": "^5.0.1"
      }
    },
    "timed-out": {
      "version": "4.0.1",
      "resolved": "https://npm.yandex-team.ru/timed-out/-/timed-out-4.0.1.tgz?rbtorrent=f06022ec9d556d0fa350eb551d91c61cbe9d00e0",
      "integrity": "sha1-8y6srFoXW+ol1/q1Zas+2HQe9W8="
    },
    "toidentifier": {
      "version": "1.0.1",
      "resolved": "https://npm.yandex-team.ru/toidentifier/-/toidentifier-1.0.1.tgz?rbtorrent=9f32d166d5476ef5bc672790eadb9a23aad1dbf9",
      "integrity": "sha512-o5sSPKEkg/DIQNmH43V0/uerLrpzVedkUh8tGNvaeXpfpuwjKenlSox/2O/BTlZUtEe+JG7s5YhEz608PlAHRA=="
    },
    "type-is": {
      "version": "1.6.18",
      "resolved": "https://npm.yandex-team.ru/type-is/-/type-is-1.6.18.tgz?rbtorrent=38f82e5ad1ec85b7be95c74b669214119903c229",
      "integrity": "sha512-TkRKr9sUTxEH8MdfuCSP7VizJyzRNMjj2J2do2Jr3Kym598JVdEksuzPQCnlFPW4ky9Q+iA+ma9BGm06XQBy8g==",
      "requires": {
        "media-typer": "0.3.0",
        "mime-types": "~2.1.24"
      }
    },
    "typescript": {
      "version": "4.7.4",
      "resolved": "https://npm.yandex-team.ru/typescript/-/typescript-4.7.4.tgz?rbtorrent=adbc86b4edc48718d11f2e499ff6d280f65dbf91",
      "integrity": "sha512-C0WQT0gezHuw6AdY1M2jxUO83Rjf0HP7Sk1DtXj6j1EwkQNZrHAg2XPWlq62oqEhYvONq5pkC2Y9oPljWToLmQ==",
      "dev": true
    },
    "unpipe": {
      "version": "1.0.0",
      "resolved": "https://npm.yandex-team.ru/unpipe/-/unpipe-1.0.0.tgz?rbtorrent=db35d7e949011b32e4923cd85a989fa998b0c852",
      "integrity": "sha1-sr9O6FFKrmFltIF4KdIbLvSZBOw="
    },
    "utils-merge": {
      "version": "1.0.1",
      "resolved": "https://npm.yandex-team.ru/utils-merge/-/utils-merge-1.0.1.tgz?rbtorrent=faf6dd3c1b1134732f4eefafe0ef8dae1593efcf",
      "integrity": "sha1-n5VxD1CiZ5R7LMwSR0HBAoQn5xM="
    },
    "uuid": {
      "version": "3.4.0",
      "resolved": "https://npm.yandex-team.ru/uuid/-/uuid-3.4.0.tgz?rbtorrent=2bc6fbb9e23828cc6207c68a5633c6e14ba743ad",
      "integrity": "sha512-HjSDRw6gZE5JMggctHBcjVak08+KEVhSIiDzFnT9S9aegmp85S/bReBVTb4QTFaRNptJ9kuYaNhnbNEOkbKb/A=="
    },
    "vary": {
      "version": "1.1.2",
      "resolved": "https://npm.yandex-team.ru/vary/-/vary-1.1.2.tgz?rbtorrent=5dbad8130c2f93496058551a924516e73c1155d4",
      "integrity": "sha1-IpnwLG3tMNSllhsLn3RSShj2NPw="
    },
    "which-module": {
      "version": "2.0.0",
      "resolved": "https://npm.yandex-team.ru/which-module/-/which-module-2.0.0.tgz?rbtorrent=57ae2ce8e571a37fb63146c6b71d2a6c99b5f014",
      "integrity": "sha1-2e8H3Od7mQK4o6j6SzHD4/fm6Ho="
    },
    "wrap-ansi": {
      "version": "6.2.0",
      "resolved": "https://npm.yandex-team.ru/wrap-ansi/-/wrap-ansi-6.2.0.tgz?rbtorrent=ec09dc5c6839cccfdf8bf32922380e9657cd7861",
      "integrity": "sha512-r6lPcBGxZXlIcymEu7InxDMhdW0KDxpLgoFLcguasxCaJ/SOIZwINatK9KY/tf+ZrlywOKU0UDj3ATXUBfxJXA==",
      "requires": {
        "ansi-styles": "^4.0.0",
        "string-width": "^4.1.0",
        "strip-ansi": "^6.0.0"
      }
    },
    "wrappy": {
      "version": "1.0.2",
      "resolved": "https://npm.yandex-team.ru/wrappy/-/wrappy-1.0.2.tgz?rbtorrent=24f631e7a60519be5a0a6d43ff4add05afa3e58f",
      "integrity": "sha1-tSQ9jz7BqjXxNkYFvA0QNuMKtp8=",
      "optional": true
    },
    "y18n": {
      "version": "4.0.3",
      "resolved": "https://npm.yandex-team.ru/y18n/-/y18n-4.0.3.tgz?rbtorrent=382f7b41b3c6377a3dec0c71802acf8c4ef70767",
      "integrity": "sha512-JKhqTOwSrqNA1NY5lSztJ1GrBiUodLMmIZuLiDaMRJ+itFd+ABVE8XBjOvIWL+rSqNDC74LCSFmlb/U4UZ4hJQ=="
    },
    "yargs": {
      "version": "15.4.1",
      "resolved": "https://npm.yandex-team.ru/yargs/-/yargs-15.4.1.tgz?rbtorrent=bc7d9838e2e3655aed5b2e3e64a1cdf4b8f375d7",
      "integrity": "sha512-aePbxDmcYW++PaqBsJ+HYUFwCdv4LVvdnhBy78E57PIor8/OVvhMrADFFEDh8DHDFRv/O9i3lPhsENjO7QX0+A==",
      "requires": {
        "cliui": "^6.0.0",
        "decamelize": "^1.2.0",
        "find-up": "^4.1.0",
        "get-caller-file": "^2.0.1",
        "require-directory": "^2.1.1",
        "require-main-filename": "^2.0.0",
        "set-blocking": "^2.0.0",
        "string-width": "^4.2.0",
        "which-module": "^2.0.0",
        "y18n": "^4.0.0",
        "yargs-parser": "^18.1.2"
      }
    },
    "yargs-parser": {
      "version": "18.1.3",
      "resolved": "https://npm.yandex-team.ru/yargs-parser/-/yargs-parser-18.1.3.tgz?rbtorrent=4db3613c4f5d18ea3aa463d56d5a8f035f69f182",
      "integrity": "sha512-o50j0JeToy/4K6OZcaQmW6lyXXKhq7csREXcDwk2omFPJEwUNOVtJKvmDr9EI1fAJZUyZcRF7kxGBWmRXudrCQ==",
      "requires": {
        "camelcase": "^5.0.0",
        "decamelize": "^1.2.0"
      }
    }
  }
}
